
Microsoft Visual Studio Solution File, Format Version 12.00
# Visual Studio Version 16
VisualStudioVersion = 16.0.30002.166
MinimumVisualStudioVersion = 10.0.40219.1
Project("{FAE04EC0-301F-11D3-BF4B-00C04F79EFBC}") = "FitApp.CMD", "FitApp.CMD\FitApp.CMD.csproj", "{93CDB7F6-AB99-48D5-BAB4-3F1D6DED9B26}"
EndProject
Project("{FAE04EC0-301F-11D3-BF4B-00C04F79EFBC}") = "FitApp.DL", "FitApp.DL\FitApp.DL.csproj", "{D3B7703F-1601-46B1-B770-32A00947336F}"
EndProject
Global
	GlobalSection(SolutionConfigurationPlatforms) = preSolution
		Debug|Any CPU = Debug|Any CPU
		Release|Any CPU = Release|Any CPU
	EndGlobalSection
	GlobalSection(ProjectConfigurationPlatforms) = postSolution
		{93CDB7F6-AB99-48D5-BAB4-3F1D6DED9B26}.Debug|Any CPU.ActiveCfg = Debug|Any CPU
		{93CDB7F6-AB99-48D5-BAB4-3F1D6DED9B26}.Debug|Any CPU.Build.0 = Debug|Any CPU
		{93CDB7F6-AB99-48D5-BAB4-3F1D6DED9B26}.Release|Any CPU.ActiveCfg = Release|Any CPU
		{93CDB7F6-AB99-48D5-BAB4-3F1D6DED9B26}.Release|Any CPU.Build.0 = Release|Any CPU
		{D3B7703F-1601-46B1-B770-32A00947336F}.Debug|Any CPU.ActiveCfg = Debug|Any CPU
		{D3B7703F-1601-46B1-B770-32A00947336F}.Debug|Any CPU.Build.0 = Debug|Any CPU
		{D3B7703F-1601-46B1-B770-32A00947336F}.Release|Any CPU.ActiveCfg = Release|Any CPU
		{D3B7703F-1601-46B1-B770-32A00947336F}.Release|Any CPU.Build.0 = Release|Any CPU
	EndGlobalSection
	GlobalSection(SolutionProperties) = preSolution
		HideSolutionNode = FALSE
	EndGlobalSection
	GlobalSection(ExtensibilityGlobals) = postSolution
		SolutionGuid = {D08A6190-F7C0-4769-A746-97489F6EDD75}
	EndGlobalSection
EndGlobal
